
Microsoft Visual Studio Solution File, Format Version 12.00
# Visual Studio Version 16
VisualStudioVersion = 16.0.31321.278
MinimumVisualStudioVersion = 10.0.40219.1
Project("{FAE04EC0-301F-11D3-BF4B-00C04F79EFBC}") = "GameGMD", "GameGMD\GameGMD.csproj", "{66D8F59D-18AB-4CAD-AA7C-532EDE557C37}"
EndProject
Global
	GlobalSection(SolutionConfigurationPlatforms) = preSolution
		Debug|Any CPU = Debug|Any CPU
		Release|Any CPU = Release|Any CPU
	EndGlobalSection
	GlobalSection(ProjectConfigurationPlatforms) = postSolution
		{66D8F59D-18AB-4CAD-AA7C-532EDE557C37}.Debug|Any CPU.ActiveCfg = Debug|Any CPU
		{66D8F59D-18AB-4CAD-AA7C-532EDE557C37}.Debug|Any CPU.Build.0 = Debug|Any CPU
		{66D8F59D-18AB-4CAD-AA7C-532EDE557C37}.Release|Any CPU.ActiveCfg = Release|Any CPU
		{66D8F59D-18AB-4CAD-AA7C-532EDE557C37}.Release|Any CPU.Build.0 = Release|Any CPU
	EndGlobalSection
	GlobalSection(SolutionProperties) = preSolution
		HideSolutionNode = FALSE
	EndGlobalSection
	GlobalSection(ExtensibilityGlobals) = postSolution
		SolutionGuid = {E00415F6-A54B-405B-BC5C-4FC946791384}
	EndGlobalSection
EndGlobal
